
Microsoft Visual Studio Solution File, Format Version 12.00
# Visual Studio Version 16
VisualStudioVersion = 16.0.31729.503
MinimumVisualStudioVersion = 10.0.40219.1
Project("{FAE04EC0-301F-11D3-BF4B-00C04F79EFBC}") = "MythicPlusParty", "MythicPlusParty\MythicPlusParty.csproj", "{293D15C4-B421-4779-959B-BE1D88E8888F}"
EndProject
Global
	GlobalSection(SolutionConfigurationPlatforms) = preSolution
		Debug|Any CPU = Debug|Any CPU
		Release|Any CPU = Release|Any CPU
	EndGlobalSection
	GlobalSection(ProjectConfigurationPlatforms) = postSolution
		{293D15C4-B421-4779-959B-BE1D88E8888F}.Debug|Any CPU.ActiveCfg = Debug|Any CPU
		{293D15C4-B421-4779-959B-BE1D88E8888F}.Debug|Any CPU.Build.0 = Debug|Any CPU
		{293D15C4-B421-4779-959B-BE1D88E8888F}.Release|Any CPU.ActiveCfg = Release|Any CPU
		{293D15C4-B421-4779-959B-BE1D88E8888F}.Release|Any CPU.Build.0 = Release|Any CPU
	EndGlobalSection
	GlobalSection(SolutionProperties) = preSolution
		HideSolutionNode = FALSE
	EndGlobalSection
	GlobalSection(ExtensibilityGlobals) = postSolution
		SolutionGuid = {E9C0EA87-FD2A-4CA0-9295-EEACC371F0E6}
	EndGlobalSection
EndGlobal
